
Microsoft Visual Studio Solution File, Format Version 12.00
# Visual Studio Version 17
VisualStudioVersion = 17.0.31903.59
MinimumVisualStudioVersion = 10.0.40219.1
Project("{9A19103F-16F7-4668-BE54-9A1E7A4F7556}") = "Primeiro", "Primeiro\Primeiro.csproj", "{E1551281-1C7F-49B5-A27E-CC4D4784F49E}"
EndProject
Project("{FAE04EC0-301F-11D3-BF4B-00C04F79EFBC}") = "Contas", "Contas\Contas.csproj", "{4CF075C5-1113-4B84-99B6-DD045FB0FC63}"
EndProject
Project("{FAE04EC0-301F-11D3-BF4B-00C04F79EFBC}") = "ContasTests", "ContasTests\ContasTests.csproj", "{A1A200D7-BE7D-48DC-A212-4F4E243B4B44}"
EndProject
Global
	GlobalSection(SolutionConfigurationPlatforms) = preSolution
		Debug|Any CPU = Debug|Any CPU
		Release|Any CPU = Release|Any CPU
	EndGlobalSection
	GlobalSection(ProjectConfigurationPlatforms) = postSolution
		{E1551281-1C7F-49B5-A27E-CC4D4784F49E}.Debug|Any CPU.ActiveCfg = Debug|Any CPU
		{E1551281-1C7F-49B5-A27E-CC4D4784F49E}.Debug|Any CPU.Build.0 = Debug|Any CPU
		{E1551281-1C7F-49B5-A27E-CC4D4784F49E}.Release|Any CPU.ActiveCfg = Release|Any CPU
		{E1551281-1C7F-49B5-A27E-CC4D4784F49E}.Release|Any CPU.Build.0 = Release|Any CPU
		{4CF075C5-1113-4B84-99B6-DD045FB0FC63}.Debug|Any CPU.ActiveCfg = Debug|Any CPU
		{4CF075C5-1113-4B84-99B6-DD045FB0FC63}.Debug|Any CPU.Build.0 = Debug|Any CPU
		{4CF075C5-1113-4B84-99B6-DD045FB0FC63}.Release|Any CPU.ActiveCfg = Release|Any CPU
		{4CF075C5-1113-4B84-99B6-DD045FB0FC63}.Release|Any CPU.Build.0 = Release|Any CPU
		{A1A200D7-BE7D-48DC-A212-4F4E243B4B44}.Debug|Any CPU.ActiveCfg = Debug|Any CPU
		{A1A200D7-BE7D-48DC-A212-4F4E243B4B44}.Debug|Any CPU.Build.0 = Debug|Any CPU
		{A1A200D7-BE7D-48DC-A212-4F4E243B4B44}.Release|Any CPU.ActiveCfg = Release|Any CPU
		{A1A200D7-BE7D-48DC-A212-4F4E243B4B44}.Release|Any CPU.Build.0 = Release|Any CPU
	EndGlobalSection
	GlobalSection(SolutionProperties) = preSolution
		HideSolutionNode = FALSE
	EndGlobalSection
	GlobalSection(ExtensibilityGlobals) = postSolution
		SolutionGuid = {0F0F0E7C-1CDF-4B37-B2F4-1B9213C0C4EB}
	EndGlobalSection
EndGlobal
